
Microsoft Visual Studio Solution File, Format Version 12.00
# Visual Studio Version 17
VisualStudioVersion = 17.4.33213.308
MinimumVisualStudioVersion = 10.0.40219.1
Project("{9A19103F-16F7-4668-BE54-9A1E7A4F7556}") = "GenerateQRCodeASpNetCoreMVC6", "GenerateQRCodeASpNetCoreMVC6.csproj", "{C6F6C38E-6ACE-4D0F-B304-5D6133FFCFFD}"
EndProject
Global
	GlobalSection(SolutionConfigurationPlatforms) = preSolution
		Debug|Any CPU = Debug|Any CPU
		Release|Any CPU = Release|Any CPU
	EndGlobalSection
	GlobalSection(ProjectConfigurationPlatforms) = postSolution
		{C6F6C38E-6ACE-4D0F-B304-5D6133FFCFFD}.Debug|Any CPU.ActiveCfg = Debug|Any CPU
		{C6F6C38E-6ACE-4D0F-B304-5D6133FFCFFD}.Debug|Any CPU.Build.0 = Debug|Any CPU
		{C6F6C38E-6ACE-4D0F-B304-5D6133FFCFFD}.Release|Any CPU.ActiveCfg = Release|Any CPU
		{C6F6C38E-6ACE-4D0F-B304-5D6133FFCFFD}.Release|Any CPU.Build.0 = Release|Any CPU
	EndGlobalSection
	GlobalSection(SolutionProperties) = preSolution
		HideSolutionNode = FALSE
	EndGlobalSection
	GlobalSection(ExtensibilityGlobals) = postSolution
		SolutionGuid = {C5ABF142-0CE6-494D-801A-A53F8CE5571F}
	EndGlobalSection
EndGlobal
